
Microsoft Visual Studio Solution File, Format Version 12.00
# Visual Studio Version 16
VisualStudioVersion = 16.0.30011.22
MinimumVisualStudioVersion = 10.0.40219.1
Project("{FAE04EC0-301F-11D3-BF4B-00C04F79EFBC}") = "Attendance-List", "Attendance-List.csproj", "{8B3EC4DF-E901-4EF2-84F9-0C5E12DC987C}"
EndProject
Project("{FAE04EC0-301F-11D3-BF4B-00C04F79EFBC}") = "AttendencyLibrary", "..\AttendencyDb\AttendencyLibrary.csproj", "{F9FC382A-30B9-4467-AC2D-2AB3940C00CA}"
EndProject
Global
	GlobalSection(SolutionConfigurationPlatforms) = preSolution
		Debug|Any CPU = Debug|Any CPU
		Release|Any CPU = Release|Any CPU
	EndGlobalSection
	GlobalSection(ProjectConfigurationPlatforms) = postSolution
		{8B3EC4DF-E901-4EF2-84F9-0C5E12DC987C}.Debug|Any CPU.ActiveCfg = Debug|Any CPU
		{8B3EC4DF-E901-4EF2-84F9-0C5E12DC987C}.Debug|Any CPU.Build.0 = Debug|Any CPU
		{8B3EC4DF-E901-4EF2-84F9-0C5E12DC987C}.Release|Any CPU.ActiveCfg = Release|Any CPU
		{8B3EC4DF-E901-4EF2-84F9-0C5E12DC987C}.Release|Any CPU.Build.0 = Release|Any CPU
		{F9FC382A-30B9-4467-AC2D-2AB3940C00CA}.Debug|Any CPU.ActiveCfg = Debug|Any CPU
		{F9FC382A-30B9-4467-AC2D-2AB3940C00CA}.Debug|Any CPU.Build.0 = Debug|Any CPU
		{F9FC382A-30B9-4467-AC2D-2AB3940C00CA}.Release|Any CPU.ActiveCfg = Release|Any CPU
		{F9FC382A-30B9-4467-AC2D-2AB3940C00CA}.Release|Any CPU.Build.0 = Release|Any CPU
	EndGlobalSection
	GlobalSection(SolutionProperties) = preSolution
		HideSolutionNode = FALSE
	EndGlobalSection
	GlobalSection(ExtensibilityGlobals) = postSolution
		SolutionGuid = {CCEA97AD-AF24-4C0D-8A3A-7917CEDB8B98}
	EndGlobalSection
EndGlobal
